// !$*UTF8*$!
{
	archiveVersion = 1;
	classes = {
	};
	objectVersion = 46;
	objects = {

/* Begin PBXBuildFile section */
		1893B06C191B3D8400E98725 /* Foundation.framework in Frameworks */ = {isa = PBXBuildFile; fileRef = 1893B06B191B3D8400E98725 /* Foundation.framework */; };
		1893B06E191B3D8400E98725 /* CoreGraphics.framework in Frameworks */ = {isa = PBXBuildFile; fileRef = 1893B06D191B3D8400E98725 /* CoreGraphics.framework */; };
		1893B070191B3D8400E98725 /* UIKit.framework in Frameworks */ = {isa = PBXBuildFile; fileRef = 1893B06F191B3D8400E98725 /* UIKit.framework */; };
		1893B076191B3D8400E98725 /* InfoPlist.strings in Resources */ = {isa = PBXBuildFile; fileRef = 1893B074191B3D8400E98725 /* InfoPlist.strings */; };
		1893B078191B3D8400E98725 /* main.m in Sources */ = {isa = PBXBuildFile; fileRef = 1893B077191B3D8400E98725 /* main.m */; };
		1893B07C191B3D8400E98725 /* AppDelegate.m in Sources */ = {isa = PBXBuildFile; fileRef = 1893B07B191B3D8400E98725 /* AppDelegate.m */; };
		1893B07F191B3D8400E98725 /* Main.storyboard in Resources */ = {isa = PBXBuildFile; fileRef = 1893B07D191B3D8400E98725 /* Main.storyboard */; };
		1893B084191B3D8400E98725 /* Images.xcassets in Resources */ = {isa = PBXBuildFile; fileRef = 1893B083191B3D8400E98725 /* Images.xcassets */; };
		1893B08B191B3D8400E98725 /* XCTest.framework in Frameworks */ = {isa = PBXBuildFile; fileRef = 1893B08A191B3D8400E98725 /* XCTest.framework */; };
		1893B08C191B3D8400E98725 /* Foundation.framework in Frameworks */ = {isa = PBXBuildFile; fileRef = 1893B06B191B3D8400E98725 /* Foundation.framework */; };
		1893B08D191B3D8400E98725 /* UIKit.framework in Frameworks */ = {isa = PBXBuildFile; fileRef = 1893B06F191B3D8400E98725 /* UIKit.framework */; };
		1893B095191B3D8400E98725 /* InfoPlist.strings in Resources */ = {isa = PBXBuildFile; fileRef = 1893B093191B3D8400E98725 /* InfoPlist.strings */; };
		1893B097191B3D8400E98725 /* BallonMapTests.m in Sources */ = {isa = PBXBuildFile; fileRef = 1893B096191B3D8400E98725 /* BallonMapTests.m */; };
		1893B0A2191B3E0C00E98725 /* MapViewController.m in Sources */ = {isa = PBXBuildFile; fileRef = 1893B0A1191B3E0C00E98725 /* MapViewController.m */; };
		1893B0A5191B3E3E00E98725 /* LoginViewController.m in Sources */ = {isa = PBXBuildFile; fileRef = 1893B0A4191B3E3E00E98725 /* LoginViewController.m */; };
		1893B0A8191B3EE100E98725 /* LKKeychain.m in Sources */ = {isa = PBXBuildFile; fileRef = 1893B0A7191B3EE100E98725 /* LKKeychain.m */; settings = {COMPILER_FLAGS = "-fno-objc-arc"; }; };
		1893B0AB191B403700E98725 /* CustomAnnotation.m in Sources */ = {isa = PBXBuildFile; fileRef = 1893B0AA191B403700E98725 /* CustomAnnotation.m */; };
		1893B0AD191B408600E98725 /* AWSDynamoDB.framework in Frameworks */ = {isa = PBXBuildFile; fileRef = 1893B0AC191B408600E98725 /* AWSDynamoDB.framework */; };
		1893B0AF191B409800E98725 /* AWSRuntime.framework in Frameworks */ = {isa = PBXBuildFile; fileRef = 1893B0AE191B409800E98725 /* AWSRuntime.framework */; };
		1893B0B2191CB10B00E98725 /* ballon_unchosen.png in Resources */ = {isa = PBXBuildFile; fileRef = 1893B0B1191CB10B00E98725 /* ballon_unchosen.png */; };
		1893B0BA191CBD4200E98725 /* reload.png in Resources */ = {isa = PBXBuildFile; fileRef = 1893B0B9191CBD4200E98725 /* reload.png */; };
		1893B0C1191CBF4100E98725 /* InformationViewController.m in Sources */ = {isa = PBXBuildFile; fileRef = 1893B0C0191CBF4100E98725 /* InformationViewController.m */; };
		1893B0CF1920A56700E98725 /* information.png in Resources */ = {isa = PBXBuildFile; fileRef = 1893B0CE1920A56700E98725 /* information.png */; };
		1893B1121921D3E600E98725 /* contribute.png in Resources */ = {isa = PBXBuildFile; fileRef = 1893B1111921D3E600E98725 /* contribute.png */; };
		1893B1151921D58700E98725 /* NSDate+Escort.m in Sources */ = {isa = PBXBuildFile; fileRef = 1893B1141921D58700E98725 /* NSDate+Escort.m */; };
		1893B11819236D0500E98725 /* check_off.jpg in Resources */ = {isa = PBXBuildFile; fileRef = 1893B11619236D0500E98725 /* check_off.jpg */; };
		1893B11919236D0500E98725 /* check_on.jpg in Resources */ = {isa = PBXBuildFile; fileRef = 1893B11719236D0500E98725 /* check_on.jpg */; };
/* End PBXBuildFile section */

/* Begin PBXContainerItemProxy section */
		1893B08E191B3D8400E98725 /* PBXContainerItemProxy */ = {
			isa = PBXContainerItemProxy;
			containerPortal = 1893B060191B3D8400E98725 /* Project object */;
			proxyType = 1;
			remoteGlobalIDString = 1893B067191B3D8400E98725;
			remoteInfo = BallonMap;
		};
/* End PBXContainerItemProxy section */

/* Begin PBXFileReference section */
		1893B068191B3D8400E98725 /* BallonMap.app */ = {isa = PBXFileReference; explicitFileType = wrapper.application; includeInIndex = 0; path = BallonMap.app; sourceTree = BUILT_PRODUCTS_DIR; };
		1893B06B191B3D8400E98725 /* Foundation.framework */ = {isa = PBXFileReference; lastKnownFileType = wrapper.framework; name = Foundation.framework; path = System/Library/Frameworks/Foundation.framework; sourceTree = SDKROOT; };
		1893B06D191B3D8400E98725 /* CoreGraphics.framework */ = {isa = PBXFileReference; lastKnownFileType = wrapper.framework; name = CoreGraphics.framework; path = System/Library/Frameworks/CoreGraphics.framework; sourceTree = SDKROOT; };
		1893B06F191B3D8400E98725 /* UIKit.framework */ = {isa = PBXFileReference; lastKnownFileType = wrapper.framework; name = UIKit.framework; path = System/Library/Frameworks/UIKit.framework; sourceTree = SDKROOT; };
		1893B073191B3D8400E98725 /* BallonMap-Info.plist */ = {isa = PBXFileReference; lastKnownFileType = text.plist.xml; path = "BallonMap-Info.plist"; sourceTree = "<group>"; };
		1893B075191B3D8400E98725 /* en */ = {isa = PBXFileReference; lastKnownFileType = text.plist.strings; name = en; path = en.lproj/InfoPlist.strings; sourceTree = "<group>"; };
		1893B077191B3D8400E98725 /* main.m */ = {isa = PBXFileReference; lastKnownFileType = sourcecode.c.objc; path = main.m; sourceTree = "<group>"; };
		1893B079191B3D8400E98725 /* BallonMap-Prefix.pch */ = {isa = PBXFileReference; lastKnownFileType = sourcecode.c.h; path = "BallonMap-Prefix.pch"; sourceTree = "<group>"; };
		1893B07A191B3D8400E98725 /* AppDelegate.h */ = {isa = PBXFileReference; lastKnownFileType = sourcecode.c.h; path = AppDelegate.h; sourceTree = "<group>"; };
		1893B07B191B3D8400E98725 /* AppDelegate.m */ = {isa = PBXFileReference; lastKnownFileType = sourcecode.c.objc; path = AppDelegate.m; sourceTree = "<group>"; };
		1893B07E191B3D8400E98725 /* Base */ = {isa = PBXFileReference; lastKnownFileType = file.storyboard; name = Base; path = Base.lproj/Main.storyboard; sourceTree = "<group>"; };
		1893B083191B3D8400E98725 /* Images.xcassets */ = {isa = PBXFileReference; lastKnownFileType = folder.assetcatalog; path = Images.xcassets; sourceTree = "<group>"; };
		1893B089191B3D8400E98725 /* BallonMapTests.xctest */ = {isa = PBXFileReference; explicitFileType = wrapper.cfbundle; includeInIndex = 0; path = BallonMapTests.xctest; sourceTree = BUILT_PRODUCTS_DIR; };
		1893B08A191B3D8400E98725 /* XCTest.framework */ = {isa = PBXFileReference; lastKnownFileType = wrapper.framework; name = XCTest.framework; path = Library/Frameworks/XCTest.framework; sourceTree = DEVELOPER_DIR; };
		1893B092191B3D8400E98725 /* BallonMapTests-Info.plist */ = {isa = PBXFileReference; lastKnownFileType = text.plist.xml; path = "BallonMapTests-Info.plist"; sourceTree = "<group>"; };
		1893B094191B3D8400E98725 /* en */ = {isa = PBXFileReference; lastKnownFileType = text.plist.strings; name = en; path = en.lproj/InfoPlist.strings; sourceTree = "<group>"; };
		1893B096191B3D8400E98725 /* BallonMapTests.m */ = {isa = PBXFileReference; lastKnownFileType = sourcecode.c.objc; path = BallonMapTests.m; sourceTree = "<group>"; };
		1893B0A0191B3E0C00E98725 /* MapViewController.h */ = {isa = PBXFileReference; fileEncoding = 4; lastKnownFileType = sourcecode.c.h; name = MapViewController.h; path = ../MapViewController.h; sourceTree = "<group>"; };
		1893B0A1191B3E0C00E98725 /* MapViewController.m */ = {isa = PBXFileReference; fileEncoding = 4; lastKnownFileType = sourcecode.c.objc; name = MapViewController.m; path = ../MapViewController.m; sourceTree = "<group>"; };
		1893B0A3191B3E3E00E98725 /* LoginViewController.h */ = {isa = PBXFileReference; fileEncoding = 4; lastKnownFileType = sourcecode.c.h; path = LoginViewController.h; sourceTree = "<group>"; };
		1893B0A4191B3E3E00E98725 /* LoginViewController.m */ = {isa = PBXFileReference; fileEncoding = 4; lastKnownFileType = sourcecode.c.objc; path = LoginViewController.m; sourceTree = "<group>"; };
		1893B0A6191B3EE100E98725 /* LKKeychain.h */ = {isa = PBXFileReference; fileEncoding = 4; lastKnownFileType = sourcecode.c.h; path = LKKeychain.h; sourceTree = "<group>"; };
		1893B0A7191B3EE100E98725 /* LKKeychain.m */ = {isa = PBXFileReference; fileEncoding = 4; lastKnownFileType = sourcecode.c.objc; path = LKKeychain.m; sourceTree = "<group>"; };
		1893B0A9191B403700E98725 /* CustomAnnotation.h */ = {isa = PBXFileReference; fileEncoding = 4; lastKnownFileType = sourcecode.c.h; path = CustomAnnotation.h; sourceTree = "<group>"; };
		1893B0AA191B403700E98725 /* CustomAnnotation.m */ = {isa = PBXFileReference; fileEncoding = 4; lastKnownFileType = sourcecode.c.objc; path = CustomAnnotation.m; sourceTree = "<group>"; };
		1893B0AC191B408600E98725 /* AWSDynamoDB.framework */ = {isa = PBXFileReference; lastKnownFileType = wrapper.framework; path = AWSDynamoDB.framework; sourceTree = "<group>"; };
		1893B0AE191B409800E98725 /* AWSRuntime.framework */ = {isa = PBXFileReference; lastKnownFileType = wrapper.framework; path = AWSRuntime.framework; sourceTree = "<group>"; };
		1893B0B1191CB10B00E98725 /* ballon_unchosen.png */ = {isa = PBXFileReference; lastKnownFileType = image.png; path = ballon_unchosen.png; sourceTree = "<group>"; };
		1893B0B9191CBD4200E98725 /* reload.png */ = {isa = PBXFileReference; lastKnownFileType = image.png; path = reload.png; sourceTree = "<group>"; };
		1893B0BF191CBF4100E98725 /* InformationViewController.h */ = {isa = PBXFileReference; fileEncoding = 4; lastKnownFileType = sourcecode.c.h; name = InformationViewController.h; path = ../InformationViewController.h; sourceTree = "<group>"; };
		1893B0C0191CBF4100E98725 /* InformationViewController.m */ = {isa = PBXFileReference; fileEncoding = 4; lastKnownFileType = sourcecode.c.objc; name = InformationViewController.m; path = ../InformationViewController.m; sourceTree = "<group>"; };
		1893B0CE1920A56700E98725 /* information.png */ = {isa = PBXFileReference; lastKnownFileType = image.png; path = information.png; sourceTree = "<group>"; };
		1893B1111921D3E600E98725 /* contribute.png */ = {isa = PBXFileReference; lastKnownFileType = image.png; path = contribute.png; sourceTree = "<group>"; };
		1893B1131921D58700E98725 /* NSDate+Escort.h */ = {isa = PBXFileReference; fileEncoding = 4; lastKnownFileType = sourcecode.c.h; path = "NSDate+Escort.h"; sourceTree = "<group>"; };
		1893B1141921D58700E98725 /* NSDate+Escort.m */ = {isa = PBXFileReference; fileEncoding = 4; lastKnownFileType = sourcecode.c.objc; path = "NSDate+Escort.m"; sourceTree = "<group>"; };
		1893B11619236D0500E98725 /* check_off.jpg */ = {isa = PBXFileReference; lastKnownFileType = image.jpeg; path = check_off.jpg; sourceTree = "<group>"; };
		1893B11719236D0500E98725 /* check_on.jpg */ = {isa = PBXFileReference; lastKnownFileType = image.jpeg; path = check_on.jpg; sourceTree = "<group>"; };
/* End PBXFileReference section */

/* Begin PBXFrameworksBuildPhase section */
		1893B065191B3D8400E98725 /* Frameworks */ = {
			isa = PBXFrameworksBuildPhase;
			buildActionMask = 2147483647;
			files = (
				1893B06E191B3D8400E98725 /* CoreGraphics.framework in Frameworks */,
				1893B070191B3D8400E98725 /* UIKit.framework in Frameworks */,
				1893B0AD191B408600E98725 /* AWSDynamoDB.framework in Frameworks */,
				1893B0AF191B409800E98725 /* AWSRuntime.framework in Frameworks */,
				1893B06C191B3D8400E98725 /* Foundation.framework in Frameworks */,
			);
			runOnlyForDeploymentPostprocessing = 0;
		};
		1893B086191B3D8400E98725 /* Frameworks */ = {
			isa = PBXFrameworksBuildPhase;
			buildActionMask = 2147483647;
			files = (
				1893B08B191B3D8400E98725 /* XCTest.framework in Frameworks */,
				1893B08D191B3D8400E98725 /* UIKit.framework in Frameworks */,
				1893B08C191B3D8400E98725 /* Foundation.framework in Frameworks */,
			);
			runOnlyForDeploymentPostprocessing = 0;
		};
/* End PBXFrameworksBuildPhase section */

/* Begin PBXGroup section */
		1893B05F191B3D8400E98725 = {
			isa = PBXGroup;
			children = (
				1893B071191B3D8400E98725 /* BallonMap */,
				1893B090191B3D8400E98725 /* BallonMapTests */,
				1893B06A191B3D8400E98725 /* Frameworks */,
				1893B069191B3D8400E98725 /* Products */,
			);
			sourceTree = "<group>";
		};
		1893B069191B3D8400E98725 /* Products */ = {
			isa = PBXGroup;
			children = (
				1893B068191B3D8400E98725 /* BallonMap.app */,
				1893B089191B3D8400E98725 /* BallonMapTests.xctest */,
			);
			name = Products;
			sourceTree = "<group>";
		};
		1893B06A191B3D8400E98725 /* Frameworks */ = {
			isa = PBXGroup;
			children = (
				1893B0AE191B409800E98725 /* AWSRuntime.framework */,
				1893B0AC191B408600E98725 /* AWSDynamoDB.framework */,
				1893B06B191B3D8400E98725 /* Foundation.framework */,
				1893B06D191B3D8400E98725 /* CoreGraphics.framework */,
				1893B06F191B3D8400E98725 /* UIKit.framework */,
				1893B08A191B3D8400E98725 /* XCTest.framework */,
			);
			name = Frameworks;
			sourceTree = "<group>";
		};
		1893B071191B3D8400E98725 /* BallonMap */ = {
			isa = PBXGroup;
			children = (
				1893B0B0191CB07000E98725 /* resource */,
				1893B0A6191B3EE100E98725 /* LKKeychain.h */,
				1893B0A7191B3EE100E98725 /* LKKeychain.m */,
				1893B1131921D58700E98725 /* NSDate+Escort.h */,
				1893B1141921D58700E98725 /* NSDate+Escort.m */,
				1893B07A191B3D8400E98725 /* AppDelegate.h */,
				1893B07B191B3D8400E98725 /* AppDelegate.m */,
				1893B07D191B3D8400E98725 /* Main.storyboard */,
				1893B0A3191B3E3E00E98725 /* LoginViewController.h */,
				1893B0A4191B3E3E00E98725 /* LoginViewController.m */,
				1893B0A9191B403700E98725 /* CustomAnnotation.h */,
				1893B0AA191B403700E98725 /* CustomAnnotation.m */,
				1893B0A0191B3E0C00E98725 /* MapViewController.h */,
				1893B0A1191B3E0C00E98725 /* MapViewController.m */,
				1893B0BF191CBF4100E98725 /* InformationViewController.h */,
				1893B0C0191CBF4100E98725 /* InformationViewController.m */,
				1893B083191B3D8400E98725 /* Images.xcassets */,
				1893B072191B3D8400E98725 /* Supporting Files */,
			);
			path = BallonMap;
			sourceTree = "<group>";
		};
		1893B072191B3D8400E98725 /* Supporting Files */ = {
			isa = PBXGroup;
			children = (
				1893B073191B3D8400E98725 /* BallonMap-Info.plist */,
				1893B074191B3D8400E98725 /* InfoPlist.strings */,
				1893B077191B3D8400E98725 /* main.m */,
				1893B079191B3D8400E98725 /* BallonMap-Prefix.pch */,
			);
			name = "Supporting Files";
			sourceTree = "<group>";
		};
		1893B090191B3D8400E98725 /* BallonMapTests */ = {
			isa = PBXGroup;
			children = (
				1893B096191B3D8400E98725 /* BallonMapTests.m */,
				1893B091191B3D8400E98725 /* Supporting Files */,
			);
			path = BallonMapTests;
			sourceTree = "<group>";
		};
		1893B091191B3D8400E98725 /* Supporting Files */ = {
			isa = PBXGroup;
			children = (
				1893B092191B3D8400E98725 /* BallonMapTests-Info.plist */,
				1893B093191B3D8400E98725 /* InfoPlist.strings */,
			);
			name = "Supporting Files";
			sourceTree = "<group>";
		};
		1893B0B0191CB07000E98725 /* resource */ = {
			isa = PBXGroup;
			children = (
				1893B11619236D0500E98725 /* check_off.jpg */,
				1893B11719236D0500E98725 /* check_on.jpg */,
				1893B1111921D3E600E98725 /* contribute.png */,
				1893B0CE1920A56700E98725 /* information.png */,
				1893B0B9191CBD4200E98725 /* reload.png */,
				1893B0B1191CB10B00E98725 /* ballon_unchosen.png */,
			);
			name = resource;
			sourceTree = "<group>";
		};
/* End PBXGroup section */

/* Begin PBXNativeTarget section */
		1893B067191B3D8400E98725 /* BallonMap */ = {
			isa = PBXNativeTarget;
			buildConfigurationList = 1893B09A191B3D8400E98725 /* Build configuration list for PBXNativeTarget "BallonMap" */;
			buildPhases = (
				1893B064191B3D8400E98725 /* Sources */,
				1893B065191B3D8400E98725 /* Frameworks */,
				1893B066191B3D8400E98725 /* Resources */,
			);
			buildRules = (
			);
			dependencies = (
			);
			name = BallonMap;
			productName = BallonMap;
			productReference = 1893B068191B3D8400E98725 /* BallonMap.app */;
			productType = "com.apple.product-type.application";
		};
		1893B088191B3D8400E98725 /* BallonMapTests */ = {
			isa = PBXNativeTarget;
			buildConfigurationList = 1893B09D191B3D8400E98725 /* Build configuration list for PBXNativeTarget "BallonMapTests" */;
			buildPhases = (
				1893B085191B3D8400E98725 /* Sources */,
				1893B086191B3D8400E98725 /* Frameworks */,
				1893B087191B3D8400E98725 /* Resources */,
			);
			buildRules = (
			);
			dependencies = (
				1893B08F191B3D8400E98725 /* PBXTargetDependency */,
			);
			name = BallonMapTests;
			productName = BallonMapTests;
			productReference = 1893B089191B3D8400E98725 /* BallonMapTests.xctest */;
			productType = "com.apple.product-type.bundle.unit-test";
		};
/* End PBXNativeTarget section */

/* Begin PBXProject section */
		1893B060191B3D8400E98725 /* Project object */ = {
			isa = PBXProject;
			attributes = {
				LastUpgradeCheck = 0510;
				ORGANIZATIONNAME = TeamMusubi;
				TargetAttributes = {
					1893B067191B3D8400E98725 = {
						DevelopmentTeam = F6V5S453ZH;
					};
					1893B088191B3D8400E98725 = {
						TestTargetID = 1893B067191B3D8400E98725;
					};
				};
			};
			buildConfigurationList = 1893B063191B3D8400E98725 /* Build configuration list for PBXProject "BallonMap" */;
			compatibilityVersion = "Xcode 3.2";
			developmentRegion = English;
			hasScannedForEncodings = 0;
			knownRegions = (
				en,
				Base,
			);
			mainGroup = 1893B05F191B3D8400E98725;
			productRefGroup = 1893B069191B3D8400E98725 /* Products */;
			projectDirPath = "";
			projectRoot = "";
			targets = (
				1893B067191B3D8400E98725 /* BallonMap */,
				1893B088191B3D8400E98725 /* BallonMapTests */,
			);
		};
/* End PBXProject section */

/* Begin PBXResourcesBuildPhase section */
		1893B066191B3D8400E98725 /* Resources */ = {
			isa = PBXResourcesBuildPhase;
			buildActionMask = 2147483647;
			files = (
				1893B0B2191CB10B00E98725 /* ballon_unchosen.png in Resources */,
				1893B11919236D0500E98725 /* check_on.jpg in Resources */,
				1893B084191B3D8400E98725 /* Images.xcassets in Resources */,
				1893B076191B3D8400E98725 /* InfoPlist.strings in Resources */,
				1893B0CF1920A56700E98725 /* information.png in Resources */,
				1893B11819236D0500E98725 /* check_off.jpg in Resources */,
				1893B07F191B3D8400E98725 /* Main.storyboard in Resources */,
				1893B0BA191CBD4200E98725 /* reload.png in Resources */,
				1893B1121921D3E600E98725 /* contribute.png in Resources */,
			);
			runOnlyForDeploymentPostprocessing = 0;
		};
		1893B087191B3D8400E98725 /* Resources */ = {
			isa = PBXResourcesBuildPhase;
			buildActionMask = 2147483647;
			files = (
				1893B095191B3D8400E98725 /* InfoPlist.strings in Resources */,
			);
			runOnlyForDeploymentPostprocessing = 0;
		};
/* End PBXResourcesBuildPhase section */

/* Begin PBXSourcesBuildPhase section */
		1893B064191B3D8400E98725 /* Sources */ = {
			isa = PBXSourcesBuildPhase;
			buildActionMask = 2147483647;
			files = (
				1893B0A5191B3E3E00E98725 /* LoginViewController.m in Sources */,
				1893B07C191B3D8400E98725 /* AppDelegate.m in Sources */,
				1893B078191B3D8400E98725 /* main.m in Sources */,
				1893B0AB191B403700E98725 /* CustomAnnotation.m in Sources */,
				1893B1151921D58700E98725 /* NSDate+Escort.m in Sources */,
				1893B0A8191B3EE100E98725 /* LKKeychain.m in Sources */,
				1893B0C1191CBF4100E98725 /* InformationViewController.m in Sources */,
				1893B0A2191B3E0C00E98725 /* MapViewController.m in Sources */,
			);
			runOnlyForDeploymentPostprocessing = 0;
		};
		1893B085191B3D8400E98725 /* Sources */ = {
			isa = PBXSourcesBuildPhase;
			buildActionMask = 2147483647;
			files = (
				1893B097191B3D8400E98725 /* BallonMapTests.m in Sources */,
			);
			runOnlyForDeploymentPostprocessing = 0;
		};
/* End PBXSourcesBuildPhase section */

/* Begin PBXTargetDependency section */
		1893B08F191B3D8400E98725 /* PBXTargetDependency */ = {
			isa = PBXTargetDependency;
			target = 1893B067191B3D8400E98725 /* BallonMap */;
			targetProxy = 1893B08E191B3D8400E98725 /* PBXContainerItemProxy */;
		};
/* End PBXTargetDependency section */

/* Begin PBXVariantGroup section */
		1893B074191B3D8400E98725 /* InfoPlist.strings */ = {
			isa = PBXVariantGroup;
			children = (
				1893B075191B3D8400E98725 /* en */,
			);
			name = InfoPlist.strings;
			sourceTree = "<group>";
		};
		1893B07D191B3D8400E98725 /* Main.storyboard */ = {
			isa = PBXVariantGroup;
			children = (
				1893B07E191B3D8400E98725 /* Base */,
			);
			name = Main.storyboard;
			sourceTree = "<group>";
		};
		1893B093191B3D8400E98725 /* InfoPlist.strings */ = {
			isa = PBXVariantGroup;
			children = (
				1893B094191B3D8400E98725 /* en */,
			);
			name = InfoPlist.strings;
			sourceTree = "<group>";
		};
/* End PBXVariantGroup section */

/* Begin XCBuildConfiguration section */
		1893B098191B3D8400E98725 /* Debug */ = {
			isa = XCBuildConfiguration;
			buildSettings = {
				ALWAYS_SEARCH_USER_PATHS = NO;
				CLANG_CXX_LANGUAGE_STANDARD = "gnu++0x";
				CLANG_CXX_LIBRARY = "libc++";
				CLANG_ENABLE_MODULES = YES;
				CLANG_ENABLE_OBJC_ARC = YES;
				CLANG_WARN_BOOL_CONVERSION = YES;
				CLANG_WARN_CONSTANT_CONVERSION = YES;
				CLANG_WARN_DIRECT_OBJC_ISA_USAGE = YES_ERROR;
				CLANG_WARN_EMPTY_BODY = YES;
				CLANG_WARN_ENUM_CONVERSION = YES;
				CLANG_WARN_INT_CONVERSION = YES;
				CLANG_WARN_OBJC_ROOT_CLASS = YES_ERROR;
				CLANG_WARN__DUPLICATE_METHOD_MATCH = YES;
				"CODE_SIGN_IDENTITY[sdk=iphoneos*]" = "iPhone Developer";
				COPY_PHASE_STRIP = NO;
				GCC_C_LANGUAGE_STANDARD = gnu99;
				GCC_DYNAMIC_NO_PIC = NO;
				GCC_OPTIMIZATION_LEVEL = 0;
				GCC_PREPROCESSOR_DEFINITIONS = (
					"DEBUG=1",
					"$(inherited)",
				);
				GCC_SYMBOLS_PRIVATE_EXTERN = NO;
				GCC_WARN_64_TO_32_BIT_CONVERSION = YES;
				GCC_WARN_ABOUT_RETURN_TYPE = YES_ERROR;
				GCC_WARN_UNDECLARED_SELECTOR = YES;
				GCC_WARN_UNINITIALIZED_AUTOS = YES_AGGRESSIVE;
				GCC_WARN_UNUSED_FUNCTION = YES;
				GCC_WARN_UNUSED_VARIABLE = YES;
				IPHONEOS_DEPLOYMENT_TARGET = 7.1;
				ONLY_ACTIVE_ARCH = YES;
				SDKROOT = iphoneos;
			};
			name = Debug;
		};
		1893B099191B3D8400E98725 /* Release */ = {
			isa = XCBuildConfiguration;
			buildSettings = {
				ALWAYS_SEARCH_USER_PATHS = NO;
				CLANG_CXX_LANGUAGE_STANDARD = "gnu++0x";
				CLANG_CXX_LIBRARY = "libc++";
				CLANG_ENABLE_MODULES = YES;
				CLANG_ENABLE_OBJC_ARC = YES;
				CLANG_WARN_BOOL_CONVERSION = YES;
				CLANG_WARN_CONSTANT_CONVERSION = YES;
				CLANG_WARN_DIRECT_OBJC_ISA_USAGE = YES_ERROR;
				CLANG_WARN_EMPTY_BODY = YES;
				CLANG_WARN_ENUM_CONVERSION = YES;
				CLANG_WARN_INT_CONVERSION = YES;
				CLANG_WARN_OBJC_ROOT_CLASS = YES_ERROR;
				CLANG_WARN__DUPLICATE_METHOD_MATCH = YES;
				"CODE_SIGN_IDENTITY[sdk=iphoneos*]" = "iPhone Developer";
				COPY_PHASE_STRIP = YES;
				ENABLE_NS_ASSERTIONS = NO;
				GCC_C_LANGUAGE_STANDARD = gnu99;
				GCC_WARN_64_TO_32_BIT_CONVERSION = YES;
				GCC_WARN_ABOUT_RETURN_TYPE = YES_ERROR;
				GCC_WARN_UNDECLARED_SELECTOR = YES;
				GCC_WARN_UNINITIALIZED_AUTOS = YES_AGGRESSIVE;
				GCC_WARN_UNUSED_FUNCTION = YES;
				GCC_WARN_UNUSED_VARIABLE = YES;
				IPHONEOS_DEPLOYMENT_TARGET = 7.1;
				SDKROOT = iphoneos;
				VALIDATE_PRODUCT = YES;
			};
			name = Release;
		};
		1893B09B191B3D8400E98725 /* Debug */ = {
			isa = XCBuildConfiguration;
			buildSettings = {
				ASSETCATALOG_COMPILER_APPICON_NAME = AppIcon;
				ASSETCATALOG_COMPILER_LAUNCHIMAGE_NAME = LaunchImage;
				CODE_SIGN_IDENTITY = "iPhone Developer";
				FRAMEWORK_SEARCH_PATHS = (
					"$(inherited)",
					"$(PROJECT_DIR)",
				);
				GCC_PRECOMPILE_PREFIX_HEADER = YES;
				GCC_PREFIX_HEADER = "BallonMap/BallonMap-Prefix.pch";
				INFOPLIST_FILE = "BallonMap/BallonMap-Info.plist";
				PRODUCT_NAME = "$(TARGET_NAME)";
				WRAPPER_EXTENSION = app;
			};
			name = Debug;
		};
		1893B09C191B3D8400E98725 /* Release */ = {
			isa = XCBuildConfiguration;
			buildSettings = {
				ASSETCATALOG_COMPILER_APPICON_NAME = AppIcon;
				ASSETCATALOG_COMPILER_LAUNCHIMAGE_NAME = LaunchImage;
				CODE_SIGN_IDENTITY = "iPhone Developer";
				FRAMEWORK_SEARCH_PATHS = (
					"$(inherited)",
					"$(PROJECT_DIR)",
				);
				GCC_PRECOMPILE_PREFIX_HEADER = YES;
				GCC_PREFIX_HEADER = "BallonMap/BallonMap-Prefix.pch";
				INFOPLIST_FILE = "BallonMap/BallonMap-Info.plist";
				PRODUCT_NAME = "$(TARGET_NAME)";
				WRAPPER_EXTENSION = app;
			};
			name = Release;
		};
		1893B09E191B3D8400E98725 /* Debug */ = {
			isa = XCBuildConfiguration;
			buildSettings = {
				BUNDLE_LOADER = "$(BUILT_PRODUCTS_DIR)/BallonMap.app/BallonMap";
				FRAMEWORK_SEARCH_PATHS = (
					"$(SDKROOT)/Developer/Library/Frameworks",
					"$(inherited)",
					"$(DEVELOPER_FRAMEWORKS_DIR)",
				);
				GCC_PRECOMPILE_PREFIX_HEADER = YES;
				GCC_PREFIX_HEADER = "BallonMap/BallonMap-Prefix.pch";
				GCC_PREPROCESSOR_DEFINITIONS = (
					"DEBUG=1",
					"$(inherited)",
				);
				INFOPLIST_FILE = "BallonMapTests/BallonMapTests-Info.plist";
				PRODUCT_NAME = "$(TARGET_NAME)";
				TEST_HOST = "$(BUNDLE_LOADER)";
				WRAPPER_EXTENSION = xctest;
			};
			name = Debug;
		};
		1893B09F191B3D8400E98725 /* Release */ = {
			isa = XCBuildConfiguration;
			buildSettings = {
				BUNDLE_LOADER = "$(BUILT_PRODUCTS_DIR)/BallonMap.app/BallonMap";
				FRAMEWORK_SEARCH_PATHS = (
					"$(SDKROOT)/Developer/Library/Frameworks",
					"$(inherited)",
					"$(DEVELOPER_FRAMEWORKS_DIR)",
				);
				GCC_PRECOMPILE_PREFIX_HEADER = YES;
				GCC_PREFIX_HEADER = "BallonMap/BallonMap-Prefix.pch";
				INFOPLIST_FILE = "BallonMapTests/BallonMapTests-Info.plist";
				PRODUCT_NAME = "$(TARGET_NAME)";
				TEST_HOST = "$(BUNDLE_LOADER)";
				WRAPPER_EXTENSION = xctest;
			};
			name = Release;
		};
/* End XCBuildConfiguration section */

/* Begin XCConfigurationList section */
		1893B063191B3D8400E98725 /* Build configuration list for PBXProject "BallonMap" */ = {
			isa = XCConfigurationList;
			buildConfigurations = (
				1893B098191B3D8400E98725 /* Debug */,
				1893B099191B3D8400E98725 /* Release */,
			);
			defaultConfigurationIsVisible = 0;
			defaultConfigurationName = Release;
		};
		1893B09A191B3D8400E98725 /* Build configuration list for PBXNativeTarget "BallonMap" */ = {
			isa = XCConfigurationList;
			buildConfigurations = (
				1893B09B191B3D8400E98725 /* Debug */,
				1893B09C191B3D8400E98725 /* Release */,
			);
			defaultConfigurationIsVisible = 0;
			defaultConfigurationName = Release;
		};
		1893B09D191B3D8400E98725 /* Build configuration list for PBXNativeTarget "BallonMapTests" */ = {
			isa = XCConfigurationList;
			buildConfigurations = (
				1893B09E191B3D8400E98725 /* Debug */,
				1893B09F191B3D8400E98725 /* Release */,
			);
			defaultConfigurationIsVisible = 0;
			defaultConfigurationName = Release;
		};
/* End XCConfigurationList section */
	};
	rootObject = 1893B060191B3D8400E98725 /* Project object */;
}
